
Microsoft Visual Studio Solution File, Format Version 12.00
# Visual Studio Version 17
VisualStudioVersion = 17.8.34330.188
MinimumVisualStudioVersion = 10.0.40219.1
Project("{FAE04EC0-301F-11D3-BF4B-00C04F79EFBC}") = "hello world", "hello world\hello world.csproj", "{2E89FB57-8949-4217-8FDE-418A1BF7ADAD}"
EndProject
Global
	GlobalSection(SolutionConfigurationPlatforms) = preSolution
		Debug|Any CPU = Debug|Any CPU
		Release|Any CPU = Release|Any CPU
	EndGlobalSection
	GlobalSection(ProjectConfigurationPlatforms) = postSolution
		{2E89FB57-8949-4217-8FDE-418A1BF7ADAD}.Debug|Any CPU.ActiveCfg = Debug|Any CPU
		{2E89FB57-8949-4217-8FDE-418A1BF7ADAD}.Debug|Any CPU.Build.0 = Debug|Any CPU
		{2E89FB57-8949-4217-8FDE-418A1BF7ADAD}.Release|Any CPU.ActiveCfg = Release|Any CPU
		{2E89FB57-8949-4217-8FDE-418A1BF7ADAD}.Release|Any CPU.Build.0 = Release|Any CPU
	EndGlobalSection
	GlobalSection(SolutionProperties) = preSolution
		HideSolutionNode = FALSE
	EndGlobalSection
	GlobalSection(ExtensibilityGlobals) = postSolution
		SolutionGuid = {C5C871D9-B4AF-44C4-9963-B2B4B4E27AE1}
	EndGlobalSection
EndGlobal
